
Microsoft Visual Studio Solution File, Format Version 12.00
Project("{2150E333-8FDC-42A3-9474-1A3956D46DE8}") = "src", "src", "{2EEAA8CF-E866-48FA-84EB-41BC98798393}"
EndProject
Project("{FAE04EC0-301F-11D3-BF4B-00C04F79EFBC}") = "Eventuous.Connector.EsdbElastic", "src\Eventuous.Connector.EsdbElastic\Eventuous.Connector.EsdbElastic.csproj", "{790F7464-BB73-44D0-B0AF-5AD5EA687DAE}"
EndProject
Project("{FAE04EC0-301F-11D3-BF4B-00C04F79EFBC}") = "Eventuous.Connector", "src\Eventuous.Connector\Eventuous.Connector.csproj", "{B2FAB98D-99FE-49B1-B8F9-DF5C86D35DCF}"
EndProject
Project("{FAE04EC0-301F-11D3-BF4B-00C04F79EFBC}") = "Eventuous.Connector.Base", "src\Eventuous.Connector.Base\Eventuous.Connector.Base.csproj", "{81246B91-33BA-4CB6-97D7-44D299E5C6C9}"
EndProject
Project("{FAE04EC0-301F-11D3-BF4B-00C04F79EFBC}") = "Eventuous.Connector.EsdbMongo", "src\Eventuous.Connector.EsdbMongo\Eventuous.Connector.EsdbMongo.csproj", "{EC5BB4ED-F56C-45E7-A634-EF014C157528}"
EndProject
Project("{FAE04EC0-301F-11D3-BF4B-00C04F79EFBC}") = "Eventuous.Connector.EsdbSqlServer", "src\Eventuous.Connector.EsdbSqlServer\Eventuous.Connector.EsdbSqlServer.csproj", "{815B38ED-F0E8-4253-8085-B072790AF15B}"
EndProject
Project("{FAE04EC0-301F-11D3-BF4B-00C04F79EFBC}") = "Eventuous.Connector.EsdbGenericGrpc", "src\Eventuous.Connector.EsdbGenericGrpc\Eventuous.Connector.EsdbGenericGrpc.csproj", "{B48545C2-A9E4-41C2-8F14-28C9E80F3085}"
EndProject
Project("{FAE04EC0-301F-11D3-BF4B-00C04F79EFBC}") = "Eventuous.Connector.EsdbBase", "src\Eventuous.Connector.EsdbBase\Eventuous.Connector.EsdbBase.csproj", "{CB449974-A073-47F5-8CD1-D394129F76A6}"
EndProject
Project("{2150E333-8FDC-42A3-9474-1A3956D46DE8}") = "samples", "samples", "{A8D7BEEA-8E25-4C2C-A18D-C4D2C3541B5C}"
EndProject
Project("{FAE04EC0-301F-11D3-BF4B-00C04F79EFBC}") = "GrpcProjector", "samples\GrpcProjector\GrpcProjector.csproj", "{5AB54305-F6E0-4B23-A48F-96B25DA31267}"
EndProject
Project("{FAE04EC0-301F-11D3-BF4B-00C04F79EFBC}") = "Eventuous.Connector.Filters.Grpc", "src\Eventuous.Connector.Filters.Grpc\Eventuous.Connector.Filters.Grpc.csproj", "{488ED8B1-98CE-49D6-B1DF-7345088ED539}"
EndProject
Project("{2150E333-8FDC-42A3-9474-1A3956D46DE8}") = "sinks", "sinks", "{5EC278DD-77D4-4EE7-832B-8B3448EFD74A}"
EndProject
Global
	GlobalSection(SolutionConfigurationPlatforms) = preSolution
		Debug|Any CPU = Debug|Any CPU
		Release|Any CPU = Release|Any CPU
	EndGlobalSection
	GlobalSection(NestedProjects) = preSolution
		{B2FAB98D-99FE-49B1-B8F9-DF5C86D35DCF} = {2EEAA8CF-E866-48FA-84EB-41BC98798393}
		{81246B91-33BA-4CB6-97D7-44D299E5C6C9} = {2EEAA8CF-E866-48FA-84EB-41BC98798393}
		{CB449974-A073-47F5-8CD1-D394129F76A6} = {2EEAA8CF-E866-48FA-84EB-41BC98798393}
		{5AB54305-F6E0-4B23-A48F-96B25DA31267} = {A8D7BEEA-8E25-4C2C-A18D-C4D2C3541B5C}
		{488ED8B1-98CE-49D6-B1DF-7345088ED539} = {2EEAA8CF-E866-48FA-84EB-41BC98798393}
		{EC5BB4ED-F56C-45E7-A634-EF014C157528} = {5EC278DD-77D4-4EE7-832B-8B3448EFD74A}
		{815B38ED-F0E8-4253-8085-B072790AF15B} = {5EC278DD-77D4-4EE7-832B-8B3448EFD74A}
		{790F7464-BB73-44D0-B0AF-5AD5EA687DAE} = {5EC278DD-77D4-4EE7-832B-8B3448EFD74A}
		{B48545C2-A9E4-41C2-8F14-28C9E80F3085} = {5EC278DD-77D4-4EE7-832B-8B3448EFD74A}
	EndGlobalSection
	GlobalSection(ProjectConfigurationPlatforms) = postSolution
		{790F7464-BB73-44D0-B0AF-5AD5EA687DAE}.Debug|Any CPU.ActiveCfg = Debug|Any CPU
		{790F7464-BB73-44D0-B0AF-5AD5EA687DAE}.Debug|Any CPU.Build.0 = Debug|Any CPU
		{790F7464-BB73-44D0-B0AF-5AD5EA687DAE}.Release|Any CPU.ActiveCfg = Release|Any CPU
		{790F7464-BB73-44D0-B0AF-5AD5EA687DAE}.Release|Any CPU.Build.0 = Release|Any CPU
		{B2FAB98D-99FE-49B1-B8F9-DF5C86D35DCF}.Debug|Any CPU.ActiveCfg = Debug|Any CPU
		{B2FAB98D-99FE-49B1-B8F9-DF5C86D35DCF}.Debug|Any CPU.Build.0 = Debug|Any CPU
		{B2FAB98D-99FE-49B1-B8F9-DF5C86D35DCF}.Release|Any CPU.ActiveCfg = Release|Any CPU
		{B2FAB98D-99FE-49B1-B8F9-DF5C86D35DCF}.Release|Any CPU.Build.0 = Release|Any CPU
		{81246B91-33BA-4CB6-97D7-44D299E5C6C9}.Debug|Any CPU.ActiveCfg = Debug|Any CPU
		{81246B91-33BA-4CB6-97D7-44D299E5C6C9}.Debug|Any CPU.Build.0 = Debug|Any CPU
		{81246B91-33BA-4CB6-97D7-44D299E5C6C9}.Release|Any CPU.ActiveCfg = Release|Any CPU
		{81246B91-33BA-4CB6-97D7-44D299E5C6C9}.Release|Any CPU.Build.0 = Release|Any CPU
		{EC5BB4ED-F56C-45E7-A634-EF014C157528}.Debug|Any CPU.ActiveCfg = Debug|Any CPU
		{EC5BB4ED-F56C-45E7-A634-EF014C157528}.Debug|Any CPU.Build.0 = Debug|Any CPU
		{EC5BB4ED-F56C-45E7-A634-EF014C157528}.Release|Any CPU.ActiveCfg = Release|Any CPU
		{EC5BB4ED-F56C-45E7-A634-EF014C157528}.Release|Any CPU.Build.0 = Release|Any CPU
		{815B38ED-F0E8-4253-8085-B072790AF15B}.Debug|Any CPU.ActiveCfg = Debug|Any CPU
		{815B38ED-F0E8-4253-8085-B072790AF15B}.Debug|Any CPU.Build.0 = Debug|Any CPU
		{815B38ED-F0E8-4253-8085-B072790AF15B}.Release|Any CPU.ActiveCfg = Release|Any CPU
		{815B38ED-F0E8-4253-8085-B072790AF15B}.Release|Any CPU.Build.0 = Release|Any CPU
		{B48545C2-A9E4-41C2-8F14-28C9E80F3085}.Debug|Any CPU.ActiveCfg = Debug|Any CPU
		{B48545C2-A9E4-41C2-8F14-28C9E80F3085}.Debug|Any CPU.Build.0 = Debug|Any CPU
		{B48545C2-A9E4-41C2-8F14-28C9E80F3085}.Release|Any CPU.ActiveCfg = Release|Any CPU
		{B48545C2-A9E4-41C2-8F14-28C9E80F3085}.Release|Any CPU.Build.0 = Release|Any CPU
		{CB449974-A073-47F5-8CD1-D394129F76A6}.Debug|Any CPU.ActiveCfg = Debug|Any CPU
		{CB449974-A073-47F5-8CD1-D394129F76A6}.Debug|Any CPU.Build.0 = Debug|Any CPU
		{CB449974-A073-47F5-8CD1-D394129F76A6}.Release|Any CPU.ActiveCfg = Release|Any CPU
		{CB449974-A073-47F5-8CD1-D394129F76A6}.Release|Any CPU.Build.0 = Release|Any CPU
		{5AB54305-F6E0-4B23-A48F-96B25DA31267}.Debug|Any CPU.ActiveCfg = Debug|Any CPU
		{5AB54305-F6E0-4B23-A48F-96B25DA31267}.Debug|Any CPU.Build.0 = Debug|Any CPU
		{5AB54305-F6E0-4B23-A48F-96B25DA31267}.Release|Any CPU.ActiveCfg = Release|Any CPU
		{5AB54305-F6E0-4B23-A48F-96B25DA31267}.Release|Any CPU.Build.0 = Release|Any CPU
		{488ED8B1-98CE-49D6-B1DF-7345088ED539}.Debug|Any CPU.ActiveCfg = Debug|Any CPU
		{488ED8B1-98CE-49D6-B1DF-7345088ED539}.Debug|Any CPU.Build.0 = Debug|Any CPU
		{488ED8B1-98CE-49D6-B1DF-7345088ED539}.Release|Any CPU.ActiveCfg = Release|Any CPU
		{488ED8B1-98CE-49D6-B1DF-7345088ED539}.Release|Any CPU.Build.0 = Release|Any CPU
	EndGlobalSection
EndGlobal
